{
  "projects": [
    {
      "projectId": "seaQhLVS4bbjiGvJJrRwyL",
      "version": "15.0.3",
      "dependencies": {},
      "lang": "js",
      "fileLocks": [
        {
          "assetId": "seaQhLVS4bbjiGvJJrRwyL",
          "type": "projectCss",
          "checksum": "ab04a534eab57db4af8073158aed0a64"
        }
      ],
      "codegenVersion": "0.0.1"
    },
    {
      "projectId": "2GyyV1uN4xbnqKtJ7pjrQU",
      "version": "latest",
      "dependencies": {
        "seaQhLVS4bbjiGvJJrRwyL": "15.0.3"
      },
      "lang": "js",
      "fileLocks": [
        {
          "type": "globalVariant",
          "assetId": "-CF27w7hxUbhqT",
          "checksum": "9d2b0bb34e0fc1340b514e7555e1ee42"
        },
        {
          "type": "renderModule",
          "assetId": "0K1TFhieKz3vI",
          "checksum": "ab9a88c9c94b90b910f028471ac36293"
        },
        {
          "type": "cssRules",
          "assetId": "0K1TFhieKz3vI",
          "checksum": "ab9a88c9c94b90b910f028471ac36293"
        },
        {
          "type": "renderModule",
          "assetId": "Qc-AaHBNiJ4q-",
          "checksum": "cdffc2f3538b74c793001e4c2b30522e"
        },
        {
          "type": "cssRules",
          "assetId": "Qc-AaHBNiJ4q-",
          "checksum": "cdffc2f3538b74c793001e4c2b30522e"
        },
        {
          "type": "renderModule",
          "assetId": "GewF2Qmnx2xftX",
          "checksum": "25d1f8b0d79b3208913548ba05679125"
        },
        {
          "type": "cssRules",
          "assetId": "GewF2Qmnx2xftX",
          "checksum": "25d1f8b0d79b3208913548ba05679125"
        },
        {
          "type": "renderModule",
          "assetId": "QbeVAXYyw48xV0",
          "checksum": "6d6b82a6c20d4140d43f1410e205c8c6"
        },
        {
          "type": "cssRules",
          "assetId": "QbeVAXYyw48xV0",
          "checksum": "6d6b82a6c20d4140d43f1410e205c8c6"
        },
        {
          "type": "renderModule",
          "assetId": "1xV2-KiYepMuGB",
          "checksum": "af36213d312d314b791df0cc2af7722e"
        },
        {
          "type": "cssRules",
          "assetId": "1xV2-KiYepMuGB",
          "checksum": "af36213d312d314b791df0cc2af7722e"
        },
        {
          "type": "renderModule",
          "assetId": "epUi-KTwCwraW0",
          "checksum": "5d2a8b45dad18828f089bf743ab34f27"
        },
        {
          "type": "cssRules",
          "assetId": "epUi-KTwCwraW0",
          "checksum": "5d2a8b45dad18828f089bf743ab34f27"
        },
        {
          "type": "renderModule",
          "assetId": "mdlB7opZfCK7nb",
          "checksum": "4b1a6e8a497f3a9dcff0360b43e03914"
        },
        {
          "type": "cssRules",
          "assetId": "mdlB7opZfCK7nb",
          "checksum": "4b1a6e8a497f3a9dcff0360b43e03914"
        },
        {
          "type": "renderModule",
          "assetId": "Qab3DN1TM8pM2X",
          "checksum": "2e39f8164d5060ab608e79f9c6f6d815"
        },
        {
          "type": "cssRules",
          "assetId": "Qab3DN1TM8pM2X",
          "checksum": "2e39f8164d5060ab608e79f9c6f6d815"
        },
        {
          "type": "renderModule",
          "assetId": "q_LjUx71MsqHbO",
          "checksum": "b4e56f40fcfaf46e36d370c1db0f9491"
        },
        {
          "type": "cssRules",
          "assetId": "q_LjUx71MsqHbO",
          "checksum": "b4e56f40fcfaf46e36d370c1db0f9491"
        },
        {
          "type": "renderModule",
          "assetId": "V6AvhSaRTMLUNb",
          "checksum": "7797b8b2a2402f3e4cfc6cec18c0c275"
        },
        {
          "type": "cssRules",
          "assetId": "V6AvhSaRTMLUNb",
          "checksum": "7797b8b2a2402f3e4cfc6cec18c0c275"
        },
        {
          "type": "renderModule",
          "assetId": "0tIDEQ5teDLxdZ",
          "checksum": "fa0c6208c3322e18d2ff1fbac43f3521"
        },
        {
          "type": "cssRules",
          "assetId": "0tIDEQ5teDLxdZ",
          "checksum": "fa0c6208c3322e18d2ff1fbac43f3521"
        },
        {
          "type": "renderModule",
          "assetId": "_fVUBuH_zTPtNr",
          "checksum": "0b3fb512715edf6f5c8d6575d1b8fac5"
        },
        {
          "type": "cssRules",
          "assetId": "_fVUBuH_zTPtNr",
          "checksum": "0b3fb512715edf6f5c8d6575d1b8fac5"
        },
        {
          "type": "renderModule",
          "assetId": "45CXakC6GRGfb8",
          "checksum": "61bdbfacf71495cad94b0acf86996c01"
        },
        {
          "type": "cssRules",
          "assetId": "45CXakC6GRGfb8",
          "checksum": "61bdbfacf71495cad94b0acf86996c01"
        },
        {
          "type": "renderModule",
          "assetId": "g-otZs1OnDsHve",
          "checksum": "6ec5a7f6403a992a9dcbe84919fba3e8"
        },
        {
          "type": "cssRules",
          "assetId": "g-otZs1OnDsHve",
          "checksum": "6ec5a7f6403a992a9dcbe84919fba3e8"
        },
        {
          "type": "renderModule",
          "assetId": "ymsmsqowiD_hX8",
          "checksum": "7f302efd1017d878673f00d8471a10cc"
        },
        {
          "type": "cssRules",
          "assetId": "ymsmsqowiD_hX8",
          "checksum": "7f302efd1017d878673f00d8471a10cc"
        },
        {
          "type": "renderModule",
          "assetId": "SkWOoe9ASwpis-",
          "checksum": "8a9ae3d98da6ed6d6016bbfd14e3e861"
        },
        {
          "type": "cssRules",
          "assetId": "SkWOoe9ASwpis-",
          "checksum": "8a9ae3d98da6ed6d6016bbfd14e3e861"
        },
        {
          "type": "renderModule",
          "assetId": "1-w3pXaT6XGtNk",
          "checksum": "14e0f5b59cb92d0bafc49af35b260cb1"
        },
        {
          "type": "cssRules",
          "assetId": "1-w3pXaT6XGtNk",
          "checksum": "14e0f5b59cb92d0bafc49af35b260cb1"
        },
        {
          "type": "renderModule",
          "assetId": "isYx7WeuZGWheu",
          "checksum": "653403cb243e826dd7953615c9c5e266"
        },
        {
          "type": "cssRules",
          "assetId": "isYx7WeuZGWheu",
          "checksum": "653403cb243e826dd7953615c9c5e266"
        },
        {
          "type": "renderModule",
          "assetId": "OoSlqgr6dmegGF",
          "checksum": "81a2f95347274d08f6abd08ab72c0d3c"
        },
        {
          "type": "cssRules",
          "assetId": "OoSlqgr6dmegGF",
          "checksum": "81a2f95347274d08f6abd08ab72c0d3c"
        },
        {
          "type": "renderModule",
          "assetId": "G6LUa2CLhG",
          "checksum": "e5a0fbf519c751ac23948351110166be"
        },
        {
          "type": "cssRules",
          "assetId": "G6LUa2CLhG",
          "checksum": "e5a0fbf519c751ac23948351110166be"
        },
        {
          "type": "icon",
          "assetId": "ID-f-b7J4nKY3s",
          "checksum": "3f8c9e83cef057bc5f4ab64a86442ca2"
        },
        {
          "type": "icon",
          "assetId": "NTS1y-noV99cPa",
          "checksum": "d9f37bdb54f9fb3c8681de6b7a5eed2c"
        },
        {
          "type": "icon",
          "assetId": "Zm4wjLaGmVITcV",
          "checksum": "4566b9a2978a23e4d528fa83aba6239d"
        },
        {
          "type": "icon",
          "assetId": "jYgM12wOL7_eQp",
          "checksum": "77b617ebdd7fb48ef6a66d66f2d7a52a"
        },
        {
          "type": "icon",
          "assetId": "4cUDx6t1ba6Cky",
          "checksum": "b2bc846edcb13e814ed8d5ff71f3fb3e"
        },
        {
          "type": "icon",
          "assetId": "71NmB_KjyW5cAp",
          "checksum": "458c1fd713fcad64427536f64f930095"
        },
        {
          "type": "icon",
          "assetId": "1LLxtlPDPQWzp5",
          "checksum": "e0bfa7c6054bdced6734c0df18d48237"
        },
        {
          "type": "icon",
          "assetId": "CvoiJoZ5f4FtHs",
          "checksum": "58979871a5426b08bf51801b70114697"
        },
        {
          "type": "icon",
          "assetId": "nXaLCG-4JC_-zC",
          "checksum": "d1541fd1a51681e84de5d2c6dc5508d4"
        },
        {
          "type": "icon",
          "assetId": "5CalOzXBlyjZel",
          "checksum": "352f96898aa43a60602d749f0d01fd80"
        },
        {
          "type": "icon",
          "assetId": "BHLiPyfFMkXbpg",
          "checksum": "b0a70cb32f8aa87338d812afbe70367c"
        },
        {
          "type": "icon",
          "assetId": "vS9wngECQY8SHI",
          "checksum": "234bc9a4ffd9d8cb8c1e9e2c32bbdadc"
        },
        {
          "type": "icon",
          "assetId": "W0U4FGNvH3vD6W",
          "checksum": "42f25f72c543878658fe1c2ad31ef8f7"
        },
        {
          "type": "icon",
          "assetId": "D7t9AaBjr0ar3t",
          "checksum": "b81ab6dcd9d75e2fe2e5f6892d6e97e4"
        },
        {
          "type": "icon",
          "assetId": "w6mtT_hqzPVxgp",
          "checksum": "27cb71122f3b883567ca9459cb3c6d70"
        },
        {
          "type": "icon",
          "assetId": "ILGUbR-8sA5_X2",
          "checksum": "5d1a07101f15fd4a54e77225f88d0f24"
        },
        {
          "type": "icon",
          "assetId": "YLda7Na_DpiHV5",
          "checksum": "04fdbc12e48be1f4369217bef5c143aa"
        },
        {
          "type": "icon",
          "assetId": "5ELsae-rPxEAZc",
          "checksum": "2feffc441fefba5648a7d4ca1480a1b8"
        },
        {
          "type": "icon",
          "assetId": "DiAJ4qBInYgbgn",
          "checksum": "3449e0bba4b983e3829d42eb9d61d589"
        },
        {
          "type": "icon",
          "assetId": "d1SINPgGRxZP1l",
          "checksum": "f8061c852da30f685b71c5b31e5d9fc0"
        },
        {
          "type": "icon",
          "assetId": "hmD8pNWAqIyF8L",
          "checksum": "21849debe2764ac42c5a2ae1d0ec0600"
        },
        {
          "type": "icon",
          "assetId": "zDrj7Eni2OPPG6",
          "checksum": "f1f4deb36e8432a4e2f3f265111a98f3"
        },
        {
          "type": "icon",
          "assetId": "Z9yWUb_XEPOXSj",
          "checksum": "7436fb42e8389784611d81cdb5f3111d"
        },
        {
          "type": "icon",
          "assetId": "9FxAVdOQfIYtbc",
          "checksum": "964750f5189eef616c0ca5715073fc8f"
        },
        {
          "type": "icon",
          "assetId": "8Kj5Gbe4h_KDxJ",
          "checksum": "ff2a6b4b8ef438a4e3fcf1aa161d10c6"
        },
        {
          "type": "icon",
          "assetId": "5mMk1vnowEUZeD",
          "checksum": "5bff5552b2a7601991ef7f6abd4079d5"
        },
        {
          "type": "icon",
          "assetId": "SHiWAhwbPWLqwY",
          "checksum": "08cff038aa5b8e9f4e236c4a1dd2a6d4"
        },
        {
          "type": "icon",
          "assetId": "bgFVWFZRjrTPF5",
          "checksum": "cbbd931ded2b97ec37146fefb701a94b"
        },
        {
          "type": "icon",
          "assetId": "IkjaS5Ho4lF6jY",
          "checksum": "ca8db205e6fdc23e92493f6b5a04b700"
        },
        {
          "type": "icon",
          "assetId": "KCkLh1q-biHOO3",
          "checksum": "13924ffcbbffa7846f2a8dcec59c2bba"
        },
        {
          "type": "icon",
          "assetId": "BLG2WTl0koydmQ",
          "checksum": "93e75e1dc431c988a77080a5a756bd98"
        },
        {
          "type": "icon",
          "assetId": "WbN2i0RCJ",
          "checksum": "f585be16d3d9a08271a384c62f1feab8"
        },
        {
          "type": "icon",
          "assetId": "ItULJAXsu",
          "checksum": "33ba328eec74f80296a05601bc77c698"
        },
        {
          "type": "icon",
          "assetId": "vdCZqKfTXk",
          "checksum": "b6ec8c61459d1d1d52826a05b58d093a"
        },
        {
          "type": "icon",
          "assetId": "yWDnArVqY-",
          "checksum": "36db0f60166a182cbead80223358c3b1"
        },
        {
          "type": "icon",
          "assetId": "c8OGDh7S0m",
          "checksum": "9b51b69b1f74f1d43e13f7c7a0eaa9bb"
        },
        {
          "type": "icon",
          "assetId": "xRTcnxnj_F",
          "checksum": "9cc5a4f671c321b7e03e410280b9e2f8"
        },
        {
          "type": "icon",
          "assetId": "03ubyRV0Gc",
          "checksum": "539680c3b8883c5963c02b93a8edccdb"
        },
        {
          "type": "icon",
          "assetId": "hsR3GxY-xL",
          "checksum": "06dbd147a90356e22f39491577c62edb"
        },
        {
          "type": "image",
          "assetId": "ygYxiATdhBwdlo",
          "checksum": "90c05dceac4a95a5cba095b9f892e91b"
        },
        {
          "type": "image",
          "assetId": "nRU8g82xNgF0PK",
          "checksum": "096ba6d3389525fd2bd5e0d8ee477360"
        },
        {
          "type": "image",
          "assetId": "TrboBXMT9m7IE5",
          "checksum": "03cd87499c63925b28d070470d0a2880"
        },
        {
          "type": "image",
          "assetId": "tEWbuNfm5Ff8Xp",
          "checksum": "a910887991b1b3581b66e16ef1a16859"
        },
        {
          "type": "image",
          "assetId": "xnO_qSlkr9SjGE",
          "checksum": "5d70bb63cf7325e585540543bef1bff7"
        },
        {
          "type": "image",
          "assetId": "4B1jYr2a7RZLLU",
          "checksum": "d1f1399d0e2d45e348c3f4a56123a5ab"
        },
        {
          "type": "image",
          "assetId": "W7N7nGOmbXw1kV",
          "checksum": "5e519b5d42712ec9fc040332c2fc6699"
        },
        {
          "type": "image",
          "assetId": "eKschWY364XeXY",
          "checksum": "16da715cf2716f5a4cad6e30144b170c"
        },
        {
          "type": "image",
          "assetId": "K-Q6kA7wN_WjTS",
          "checksum": "58644d47a02e3d64b6e743f09ce8380e"
        },
        {
          "type": "image",
          "assetId": "NTxTX2MaIC83Th",
          "checksum": "c9cedc2674372a479e328b068dad7183"
        },
        {
          "type": "image",
          "assetId": "qkcmvqYx_hP4iK",
          "checksum": "afb3faa26e15914b5bbf9545ebb423d5"
        },
        {
          "type": "image",
          "assetId": "saIjz82e8cV-bx",
          "checksum": "366400c81943e2bb653dfa17d1022e16"
        },
        {
          "type": "image",
          "assetId": "pC2WywqbpKhStJ",
          "checksum": "e96f98d3afd22ca4c342467e6308ca48"
        },
        {
          "type": "image",
          "assetId": "co9dflrrdXhgd5",
          "checksum": "3b8381ba3c06df7a612e8b5661872b65"
        },
        {
          "type": "image",
          "assetId": "OCC7V-xgR5kO5n",
          "checksum": "551e32f051b31ae5ca5bf41c6c847275"
        },
        {
          "type": "image",
          "assetId": "w6GUMj7DjAb4qr",
          "checksum": "ba2ecc7c9af25fcad78bdad904b78d98"
        },
        {
          "type": "image",
          "assetId": "H5G_Vb7R6B272_",
          "checksum": "b755b770f62534a033b8c4f9bbd53a03"
        },
        {
          "type": "image",
          "assetId": "6pdaKcMHv4jEzK",
          "checksum": "f34e1452b7f184e89c8c0418ae7a827f"
        },
        {
          "type": "image",
          "assetId": "CkWRfikBdQBI35",
          "checksum": "82f6510cbbf0e60a93b6c01692709434"
        },
        {
          "type": "image",
          "assetId": "cC3beg8_7dFhf4",
          "checksum": "f7110e95eb1bcc8659e33d21c7b0f6c5"
        },
        {
          "type": "image",
          "assetId": "FIlFaQsBcitK13",
          "checksum": "9732f86f26de1b298e7e654a2e90267b"
        },
        {
          "type": "image",
          "assetId": "t45oogWIh3FqMv",
          "checksum": "5e1bab7df12797f113e82d9bcdec1133"
        },
        {
          "type": "image",
          "assetId": "TD4HLzp2DAwJOM",
          "checksum": "090db6c4f2dc371393248fbbca1dd595"
        },
        {
          "type": "image",
          "assetId": "V3t7yHIjto9LU8",
          "checksum": "2f0907023cab1fcc9f0c9f98eb98a3d3"
        },
        {
          "type": "image",
          "assetId": "nD98NnGv-d7M6h",
          "checksum": "9fff630b772140cf1e5349fb41ec1acb"
        },
        {
          "type": "image",
          "assetId": "IfflEQNIZS9d_1",
          "checksum": "1eaccdb3b1e0632e32f69c36fd56d042"
        },
        {
          "type": "image",
          "assetId": "2alcLR_LMbceEY",
          "checksum": "d2478c6ede3aeb59bb2d961ba5ee9b2c"
        },
        {
          "type": "image",
          "assetId": "XSbzoIMzP2PoR1",
          "checksum": "91631e3d39bec72cc6af7b985cc66ee2"
        },
        {
          "type": "image",
          "assetId": "EcSqG-tgu0W52s",
          "checksum": "d91ebc1716f27bef80a64aeab0b22611"
        },
        {
          "type": "image",
          "assetId": "IrMvG_dzufn8Kk",
          "checksum": "620f3a234a8b58caf79ecbd9de8fa8e3"
        },
        {
          "type": "image",
          "assetId": "p2BhvYxT2EpXaQ",
          "checksum": "f75aeb9a42882818b3dd76cd6dccd1de"
        },
        {
          "type": "image",
          "assetId": "SUG2aysmy4P-T9",
          "checksum": "e97a6eab1363f3cb5cbc774ad8f44d73"
        },
        {
          "type": "image",
          "assetId": "nooPGNHdqAqAd0",
          "checksum": "39ed94bb0ce12b07b6ae00d370eed687"
        },
        {
          "type": "image",
          "assetId": "cpgtDGkIKqT9AQ",
          "checksum": "ea1e883887f3534b1fc4b0e2f478546f"
        },
        {
          "type": "image",
          "assetId": "NBHh753Gorbpp0",
          "checksum": "2a6951d0312574cc8299cf4ccdd19364"
        },
        {
          "type": "image",
          "assetId": "IGAcBQiM5dwuip",
          "checksum": "9f059c394c2aae967c2d9c0c5f630944"
        },
        {
          "type": "image",
          "assetId": "iSBpvh_Znu1zs7",
          "checksum": "f9ee1443e6401c1625fb24a914962c4c"
        },
        {
          "type": "image",
          "assetId": "SmvOU1XXQ5VnGt",
          "checksum": "397cb8cb62d66d00a3de58c0fef834dc"
        },
        {
          "type": "image",
          "assetId": "24LuZtbCWP7-w2",
          "checksum": "1685333719fc973e64f474a7a6f380f3"
        },
        {
          "type": "image",
          "assetId": "YuSl_ZZhiiBuc0",
          "checksum": "b60a2ba47792fc0b9b3bea3eaf798f5a"
        },
        {
          "type": "image",
          "assetId": "bQJx_NrXugOtY_",
          "checksum": "d6bc5848505297377b71386d78d7adfa"
        },
        {
          "type": "image",
          "assetId": "RLnicAZhoI7Gtg",
          "checksum": "72becbcaecd6730fe87119343fd77761"
        },
        {
          "type": "image",
          "assetId": "rWGlkbLWKqsXk2",
          "checksum": "1c5a634fce6650d58f6db04a96c472bc"
        },
        {
          "type": "image",
          "assetId": "_3tPkYmbEMcCrq",
          "checksum": "9d4741df62211394dd5de824fe4dc814"
        },
        {
          "type": "image",
          "assetId": "xdOEP6UpMySuvS",
          "checksum": "ae243d778ce07785c021c1779a3ae9ce"
        },
        {
          "type": "image",
          "assetId": "GQMDt1TLvidFSJ",
          "checksum": "8c9c628bc3797a42c3165eb5a8121d0e"
        },
        {
          "type": "image",
          "assetId": "2ber0nCKYhpZ0L",
          "checksum": "81ac324b6f5f39f530bdaf6533617879"
        },
        {
          "type": "image",
          "assetId": "KS4RQjUjoalMVq",
          "checksum": "41bef8711f1e9ff0f74786bec76c862a"
        },
        {
          "type": "image",
          "assetId": "_4Rq3Vlf8jSeME",
          "checksum": "da9c3f6b1a2ab3b7652b7f14c630903f"
        },
        {
          "type": "image",
          "assetId": "vneIcz59Aleo2b",
          "checksum": "b8f2dc68b4a82a53b457d8554a5287ca"
        },
        {
          "type": "image",
          "assetId": "XcCJICo54JEjm8",
          "checksum": "b3cf0a4b822c5e23fecd63c24399a399"
        },
        {
          "type": "image",
          "assetId": "GL4tZ2WW7BvxJA",
          "checksum": "cde94fd6202f7b3b872272a46b35def8"
        },
        {
          "type": "image",
          "assetId": "Vk99NNC-Pi5MX8",
          "checksum": "17767ab23c594b3f49aa433d1c844743"
        },
        {
          "type": "image",
          "assetId": "KsbY39GwQyEFEY",
          "checksum": "018f6decb23fab9b9bf6e1601d1371a3"
        },
        {
          "type": "image",
          "assetId": "O6cjfWMenWmS1E",
          "checksum": "c79c2d3d653764045ca0629bc3afd2c1"
        },
        {
          "type": "image",
          "assetId": "u2o-MCx9D",
          "checksum": "94b51888f952bd6ce475d09b5800d902"
        },
        {
          "type": "image",
          "assetId": "lSZM52y7c",
          "checksum": "090d250418bbd6058abad06525151602"
        },
        {
          "type": "image",
          "assetId": "bgwL_f4MF",
          "checksum": "964c20cb5ec45a70996695730104fbea"
        },
        {
          "type": "image",
          "assetId": "T7fKi46X1",
          "checksum": "30669cdb14a6dba1d47182dce0020b88"
        },
        {
          "type": "image",
          "assetId": "Wq04XGeOn",
          "checksum": "4a65d58ae4059d1a08f03a74f4c75111"
        },
        {
          "type": "image",
          "assetId": "absa66hES",
          "checksum": "fa61756d2e5ebed8ef72b0d84ce1deaf"
        },
        {
          "type": "image",
          "assetId": "FYJzoLk6M",
          "checksum": "4d922053d2d1e35f8c5753e558e367c9"
        },
        {
          "type": "image",
          "assetId": "HbMsVCSK1",
          "checksum": "4de037532f51fd543077e512640297ae"
        },
        {
          "type": "image",
          "assetId": "FWeSnXuI5",
          "checksum": "e14b93ccd39887517b5b3f5a8ddcc759"
        },
        {
          "type": "image",
          "assetId": "ijBFfwHgI",
          "checksum": "0dc61f038483922675c2f6145fa24dd5"
        },
        {
          "type": "image",
          "assetId": "Vm8d_xQ6u",
          "checksum": "fca9058e2a65acbc9ff080b0cd86fe07"
        },
        {
          "type": "image",
          "assetId": "vTxSXlMAWua",
          "checksum": "9040f6fa2f37fdacd54e94982021928b"
        },
        {
          "type": "image",
          "assetId": "imfGzJ8R3D2",
          "checksum": "ca1102e7d2fa82c28dccc734c7fdfd80"
        },
        {
          "type": "image",
          "assetId": "MvDs8lUPt",
          "checksum": "0ce497a749f532a6c4b711fd05645827"
        },
        {
          "assetId": "2GyyV1uN4xbnqKtJ7pjrQU",
          "type": "projectCss",
          "checksum": "1897008fab178fb1a8a271896826fe49"
        }
      ],
      "codegenVersion": "0.0.1"
    }
  ],
  "cliVersion": "0.1.248"
}
